{
  "name": "eris-pagination",
  "version": "0.4.0",
  "lockfileVersion": 1,
  "requires": true,
  "dependencies": {
    "eris-reactions": {
      "version": "git+https://github.com/erisly/eris-reactions.git#3d7c1f62fce5fc1d5a66d6d1519aa8ebdbdba4f3",
      "from": "git+https://github.com/erisly/eris-reactions.git#3d7c1f62fce5fc1d5a66d6d1519aa8ebdbdba4f3"
    }
  }
}
