{
  "name": "eris-pagination",
  "version": "0.4.0",
  "lockfileVersion": 1,
  "requires": true,
  "dependencies": {
    "eris-reactions": {
      "version": "git+https://github.com/erisly/eris-reactions.git#00bb46a6bd6e8b20de2502d303181353899df671",
      "from": "git+https://github.com/erisly/eris-reactions.git#00bb46a6bd6e8b20de2502d303181353899df671"
    }
  }
}
