{
  "name": "eris-pagination",
  "version": "0.4.0",
  "lockfileVersion": 1,
  "requires": true,
  "dependencies": {
    "eris-reactions": {
      "version": "git+https://github.com/erisly/eris-reactions.git#b80051ef645b6f5574565687bd5a23d4e86e316d",
      "from": "git+https://github.com/erisly/eris-reactions.git"
    }
  }
}
